
Microsoft Visual Studio Solution File, Format Version 12.00
# Visual Studio 2015
Project("{FAE04EC0-301F-11D3-BF4B-00C04F79EFBC}") = "TanksOnline.Plugins", "TanksOnline.Plugins.csproj", "{D5397B30-16D2-907C-868F-370004D61051}"
EndProject
Project("{FAE04EC0-301F-11D3-BF4B-00C04F79EFBC}") = "TanksOnline", "TanksOnline.csproj", "{963D53C9-2163-6C92-46C2-6E12CDD484D9}"
EndProject
Project("{FAE04EC0-301F-11D3-BF4B-00C04F79EFBC}") = "TanksOnline.Editor", "TanksOnline.Editor.csproj", "{7274E068-F9E7-0F24-54A5-5BEC913C7023}"
EndProject
Global
	GlobalSection(SolutionConfigurationPlatforms) = preSolution
		Debug|Any CPU = Debug|Any CPU
		Release|Any CPU = Release|Any CPU
	EndGlobalSection
	GlobalSection(ProjectConfigurationPlatforms) = postSolution
		{D5397B30-16D2-907C-868F-370004D61051}.Debug|Any CPU.ActiveCfg = Debug|Any CPU
		{D5397B30-16D2-907C-868F-370004D61051}.Debug|Any CPU.Build.0 = Debug|Any CPU
		{D5397B30-16D2-907C-868F-370004D61051}.Release|Any CPU.ActiveCfg = Release|Any CPU
		{D5397B30-16D2-907C-868F-370004D61051}.Release|Any CPU.Build.0 = Release|Any CPU
		{963D53C9-2163-6C92-46C2-6E12CDD484D9}.Debug|Any CPU.ActiveCfg = Debug|Any CPU
		{963D53C9-2163-6C92-46C2-6E12CDD484D9}.Debug|Any CPU.Build.0 = Debug|Any CPU
		{963D53C9-2163-6C92-46C2-6E12CDD484D9}.Release|Any CPU.ActiveCfg = Release|Any CPU
		{963D53C9-2163-6C92-46C2-6E12CDD484D9}.Release|Any CPU.Build.0 = Release|Any CPU
		{7274E068-F9E7-0F24-54A5-5BEC913C7023}.Debug|Any CPU.ActiveCfg = Debug|Any CPU
		{7274E068-F9E7-0F24-54A5-5BEC913C7023}.Debug|Any CPU.Build.0 = Debug|Any CPU
		{7274E068-F9E7-0F24-54A5-5BEC913C7023}.Release|Any CPU.ActiveCfg = Release|Any CPU
		{7274E068-F9E7-0F24-54A5-5BEC913C7023}.Release|Any CPU.Build.0 = Release|Any CPU
	EndGlobalSection
	GlobalSection(SolutionProperties) = preSolution
		HideSolutionNode = FALSE
	EndGlobalSection
EndGlobal
